hash: 0c77622bb7c9aa42c353d3871da70955106b98e01ed2a68ae4ab3d2b98d9e715
updated: 2016-12-13T12:52:30.231314657Z
imports:
- name: github.com/gyuho/goraph
  version: d460590d53a91b1f29347ca9b01d1e8c158cbeb2
- name: github.com/mattn/go-runewidth
  version: d6bea18f789704b5f83375793155289da36a3c7f
- name: github.com/olekukonko/tablewriter
  version: daf2955e742cf123959884fdff4685aa79b63135
- name: github.com/urfave/cli
  version: 4205e9c4ee9672a8df5bb4fe486a8aa07e1e4037
testImports: []
