hash: 830f6492322c307a441a080abbee95473db71b03fa9044effa7c79643b50c3e7
updated: 2018-11-08T17:28:27.686824-08:00
imports:
- name: github.com/equinox-io/equinox
  version: 6f97d0d3970881d3e53dd6f547a41109eb055e54
  subpackages:
  - internal/go-update
  - internal/go-update/internal/binarydist
  - internal/go-update/internal/osext
  - internal/osext
  - proto
- name: github.com/gyuho/goraph
  version: d460590d53a91b1f29347ca9b01d1e8c158cbeb2
- name: github.com/mattn/go-runewidth
  version: ce7b0b5c7b45a81508558cd1dba6bb1e4ddb51bb
- name: github.com/olekukonko/tablewriter
  version: daf2955e742cf123959884fdff4685aa79b63135
- name: github.com/rainforestapp/testutil
  version: c9155e7da96e4112bbafce0b98737cf29eac2d03
- name: github.com/satori/go.uuid
  version: 879c5887cd475cd7864858769793b2ceb0d44feb
- name: github.com/urfave/cli
  version: 4205e9c4ee9672a8df5bb4fe486a8aa07e1e4037
testImports:
- name: github.com/aws/aws-sdk-go
  version: 6c577e9e7b08a6d10bad1c9703227cd0403a8dd7
  subpackages:
  - aws
  - aws/awserr
  - aws/awsutil
  - aws/client
  - aws/client/metadata
  - aws/corehandlers
  - aws/credentials
  - aws/credentials/ec2rolecreds
  - aws/credentials/endpointcreds
  - aws/credentials/stscreds
  - aws/defaults
  - aws/ec2metadata
  - aws/request
  - aws/session
  - aws/signer/v4
  - private/endpoints
  - private/protocol
  - private/protocol/query
  - private/protocol/query/queryutil
  - private/protocol/rest
  - private/protocol/restxml
  - private/protocol/xml/xmlutil
  - private/signer/v4
  - private/waiter
  - service/s3
  - service/sqs
  - service/sts
- name: github.com/garyburd/redigo
  version: 8873b2f1995f59d4bcdd2b0dc9858e2cb9bf0c13
  subpackages:
  - internal
  - redis
- name: github.com/go-ini/ini
  version: 72ba3e6b9e6b87e0c74c9a7a4dc86e8dd8ba4355
- name: github.com/jmespath/go-jmespath
  version: 0b12d6b521d83fc7f755e7cfc1b1fbdd35a01a74
