github.com/equinox-io/equinox v0.0.0-20151227023206-6f97d0d39708 h1:c+YU9qeVEjKsobWnjUjX/IM/QoDQU+52ZUFKBJW1xHk=
github.com/equinox-io/equinox v0.0.0-20151227023206-6f97d0d39708/go.mod h1:6s3HJB0PYUNgs0mxmI8fHdfVl3TQ25ieA/PVfr+eyVo=
github.com/gyuho/goraph v0.0.0-20160328020532-d460590d53a9 h1:d04ddWQE6cmZTRPe2sSJhWfhGBBETky/oVDrcYBLejY=
github.com/gyuho/goraph v0.0.0-20160328020532-d460590d53a9/go.mod h1:NtSxZCD+s3sZFwbW6WceOcUD83HM9XD5OE2r4c0P8eg=
github.com/mattn/go-runewidth v0.0.2 h1:UnlwIPBGaTZfPQ6T1IGzPI0EkYAQmT9fAEJ/poFC63o=
github.com/mattn/go-runewidth v0.0.2/go.mod h1:LwmH8dsx7+W8Uxz3IHJYH5QSwggIsqBzpuz5H//U1FU=
github.com/olekukonko/tablewriter v0.0.0-20160621093029-daf2955e742c h1:1BS19mnpAe7Lm0etRs1uBVaki11WZ8fktvOQGipZPo4=
github.com/olekukonko/tablewriter v0.0.0-20160621093029-daf2955e742c/go.mod h1:vsDQFd/mU46D+Z4whnwzcISnGGzXWMclvtLoiIKAKIo=
github.com/rainforestapp/testutil v0.0.0-20170615220520-c9155e7da96e/go.mod h1:wYy1wh1VsTxLVSTvfYS+nOHmZGsvFqOSBJKHVsAYtlM=
github.com/satori/go.uuid v1.1.0 h1:B9KXyj+GzIpJbV7gmr873NsY6zpbxNy24CBtGrk7jHo=
github.com/satori/go.uuid v1.1.0/go.mod h1:dA0hQrYB0VpLJoorglMZABFdXlWrHn1NEOzdhQKdks0=
github.com/satori/go.uuid v1.2.0 h1:0uYX9dsZ2yD7q2RtLRtPSdGDWzjeM3TbMJP9utgA0ww=
github.com/satori/go.uuid v1.2.0/go.mod h1:dA0hQrYB0VpLJoorglMZABFdXlWrHn1NEOzdhQKdks0=
github.com/urfave/cli v0.0.0-20160622145533-4205e9c4ee96 h1:UWALEFwlzMxL33kyyW+7VuTGnWe9uWvQ1zGWcCSFD7c=
github.com/urfave/cli v0.0.0-20160622145533-4205e9c4ee96/go.mod h1:70zkFmudgCuE/ngEzBv17Jvp/497gISqfk5gWijbERA=
