github.com/afdalwahyu/gonnel v0.0.0-20180224174010-836c5bd3cd9b h1:dAcyHW3J6zVi4+4KaHTANZAUXMhIUOpGkgqBQF++qkk=
github.com/afdalwahyu/gonnel v0.0.0-20180224174010-836c5bd3cd9b/go.mod h1:rA5DHguHWqHvyeBAglw0EZ0ddwuCJyUtmq37q6q39h8=
github.com/aws/aws-sdk-go v1.19.24 h1:qOIYaFxcFg07Vdn799ERpGiuUUIEi5MQ2vYib3CNMp4=
github.com/aws/aws-sdk-go v1.19.24/go.mod h1:KmX6BPdI08NWTb3/sm4ZGu5ShLoqVDhKgpiN924inxo=
github.com/equinox-io/equinox v0.0.0-20151227023206-6f97d0d39708 h1:c+YU9qeVEjKsobWnjUjX/IM/QoDQU+52ZUFKBJW1xHk=
github.com/equinox-io/equinox v0.0.0-20151227023206-6f97d0d39708/go.mod h1:6s3HJB0PYUNgs0mxmI8fHdfVl3TQ25ieA/PVfr+eyVo=
github.com/garyburd/redigo v1.6.0 h1:0VruCpn7yAIIu7pWVClQC8wxCJEcG3nyzpMSHKi1PQc=
github.com/garyburd/redigo v1.6.0/go.mod h1:NR3MbYisc3/PwhQ00EMzDiPmrwpPxAn5GI05/YaO1SY=
github.com/gyuho/goraph v0.0.0-20160328020532-d460590d53a9 h1:d04ddWQE6cmZTRPe2sSJhWfhGBBETky/oVDrcYBLejY=
github.com/gyuho/goraph v0.0.0-20160328020532-d460590d53a9/go.mod h1:NtSxZCD+s3sZFwbW6WceOcUD83HM9XD5OE2r4c0P8eg=
github.com/jmespath/go-jmespath v0.0.0-20180206201540-c2b33e8439af h1:pmfjZENx5imkbgOkpRUYLnmbU7UEFbjtDA2hxJ1ichM=
github.com/jmespath/go-jmespath v0.0.0-20180206201540-c2b33e8439af/go.mod h1:Nht3zPeWKUH0NzdCt2Blrr5ys8VGpn0CEB0cQHVjt7k=
github.com/mattn/go-runewidth v0.0.2 h1:UnlwIPBGaTZfPQ6T1IGzPI0EkYAQmT9fAEJ/poFC63o=
github.com/mattn/go-runewidth v0.0.2/go.mod h1:LwmH8dsx7+W8Uxz3IHJYH5QSwggIsqBzpuz5H//U1FU=
github.com/olekukonko/tablewriter v0.0.0-20160621093029-daf2955e742c h1:1BS19mnpAe7Lm0etRs1uBVaki11WZ8fktvOQGipZPo4=
github.com/olekukonko/tablewriter v0.0.0-20160621093029-daf2955e742c/go.mod h1:vsDQFd/mU46D+Z4whnwzcISnGGzXWMclvtLoiIKAKIo=
github.com/rainforestapp/gonnel v0.0.0-20180224174010-836c5bd3cd9b h1:m5mt1Yj5pF2lNeKWeB8TdiSPyT9O/S4y7XHIKOwo1KE=
github.com/rainforestapp/gonnel v0.0.0-20180224174010-836c5bd3cd9b/go.mod h1:jWiMr4JKM9j71qZUS5tzdIBAyYYbjI4qB0jpVfoXo9s=
github.com/rainforestapp/gonnel v0.0.0-20200111080928-fd659dc40c3c h1:i6g9tSvO21ziqTWMSxp7S07NcvTf0Uhl/so/rpBHc7s=
github.com/rainforestapp/gonnel v0.0.0-20200111080928-fd659dc40c3c/go.mod h1:jWiMr4JKM9j71qZUS5tzdIBAyYYbjI4qB0jpVfoXo9s=
github.com/rainforestapp/gonnel v0.0.0-20200111091101-b5dfa0af4a2b h1:jjGO8ic3Nexc6feLKy+reqO5W2eyJ6cOyVuCqTvGMJI=
github.com/rainforestapp/gonnel v0.0.0-20200111091101-b5dfa0af4a2b/go.mod h1:jWiMr4JKM9j71qZUS5tzdIBAyYYbjI4qB0jpVfoXo9s=
github.com/rainforestapp/testutil v0.0.0-20170615220520-c9155e7da96e h1:yF1mXdyl6i50XquzDkzkGSwLf+fnClYwsOwq0TH2Lxw=
github.com/rainforestapp/testutil v0.0.0-20170615220520-c9155e7da96e/go.mod h1:wYy1wh1VsTxLVSTvfYS+nOHmZGsvFqOSBJKHVsAYtlM=
github.com/satori/go.uuid v1.1.0 h1:B9KXyj+GzIpJbV7gmr873NsY6zpbxNy24CBtGrk7jHo=
github.com/satori/go.uuid v1.1.0/go.mod h1:dA0hQrYB0VpLJoorglMZABFdXlWrHn1NEOzdhQKdks0=
github.com/urfave/cli v0.0.0-20160622145533-4205e9c4ee96 h1:UWALEFwlzMxL33kyyW+7VuTGnWe9uWvQ1zGWcCSFD7c=
github.com/urfave/cli v0.0.0-20160622145533-4205e9c4ee96/go.mod h1:70zkFmudgCuE/ngEzBv17Jvp/497gISqfk5gWijbERA=
golang.org/x/crypto v0.0.0-20190308221718-c2843e01d9a2/go.mod h1:djNgcEr1/C05ACkg1iLfiJU5Ep61QUkGW8qpdssI0+w=
golang.org/x/crypto v0.0.0-20191011191535-87dc89f01550/go.mod h1:yigFU9vqHzYiE8UmvKecakEJjdnWj3jj499lnFckfCI=
golang.org/x/mod v0.1.1-0.20191105210325-c90efee705ee/go.mod h1:QqPTAvyqsEbceGzBzNggFXnrqF1CaUcvgkdR5Ot7KZg=
golang.org/x/net v0.0.0-20190404232315-eb5bcb51f2a3/go.mod h1:t9HGtf8HONx5eT2rtn7q6eTqICYqUVnKs3thJo3Qplg=
golang.org/x/net v0.0.0-20190620200207-3b0461eec859/go.mod h1:z5CRVTTTmAJ677TzLLGU+0bjPO0LkuOLi4/5GtJWs/s=
golang.org/x/sync v0.0.0-20190423024810-112230192c58/go.mod h1:RxMgew5VJxzue5/jJTE5uejpjVlOe/izrB70Jof72aM=
golang.org/x/sys v0.0.0-20190215142949-d0b11bdaac8a/go.mod h1:STP8DvDyc/dI5b8T5hshtkjS+E42TnysNCUPdjciGhY=
golang.org/x/sys v0.0.0-20190412213103-97732733099d/go.mod h1:h1NjWce9XRLGQEsW7wpKNCjG9DtNlClVuFLEZdDNbEs=
golang.org/x/text v0.3.0/go.mod h1:NqM8EUOU14njkJ3fqMW+pc6Ldnwhi/IjpwHt7yyuwOQ=
golang.org/x/tools v0.0.0-20200110213125-a7a6caa82ab2 h1:V9r/14uGBqLgNlHRYWdVqjMdWkcOHnE2KG8DwVqQSEc=
golang.org/x/tools v0.0.0-20200110213125-a7a6caa82ab2/go.mod h1:TB2adYChydJhpapKDTa4BR/hXlZSLoq2Wpct/0txZ28=
golang.org/x/xerrors v0.0.0-20191011141410-1b5146add898/go.mod h1:I/5z698sn9Ka8TeJc9MKroUUfqBBauWjQqLJ2OPfmY0=
